// !$*UTF8*$!
{
	archiveVersion = 1;
	classes = {
	};
	objectVersion = 46;
	objects = {

/* Begin PBXBuildFile section */
		590132421BF38FCD0029F3E9 /* main.c in Sources */ = {isa = PBXBuildFile; fileRef = 590132411BF38FCD0029F3E9 /* main.c */; };
		5901324A1BF390430029F3E9 /* inkopslista.c in Sources */ = {isa = PBXBuildFile; fileRef = 590132481BF390430029F3E9 /* inkopslista.c */; };
/* End PBXBuildFile section */

/* Begin PBXCopyFilesBuildPhase section */
		5901323C1BF38FCD0029F3E9 /* CopyFiles */ = {
			isa = PBXCopyFilesBuildPhase;
			buildActionMask = 2147483647;
			dstPath = /usr/share/man/man1/;
			dstSubfolderSpec = 0;
			files = (
			);
			runOnlyForDeploymentPostprocessing = 1;
		};
/* End PBXCopyFilesBuildPhase section */

/* Begin PBXFileReference section */
		5901323E1BF38FCD0029F3E9 /* Lab 7, Uppgift 1 */ = {isa = PBXFileReference; explicitFileType = "compiled.mach-o.executable"; includeInIndex = 0; path = "Lab 7, Uppgift 1"; sourceTree = BUILT_PRODUCTS_DIR; };
		590132411BF38FCD0029F3E9 /* main.c */ = {isa = PBXFileReference; lastKnownFileType = sourcecode.c.c; path = main.c; sourceTree = "<group>"; };
		590132481BF390430029F3E9 /* inkopslista.c */ = {isa = PBXFileReference; fileEncoding = 4; lastKnownFileType = sourcecode.c.c; path = inkopslista.c; sourceTree = "<group>"; };
		590132491BF390430029F3E9 /* inkopslista.h */ = {isa = PBXFileReference; fileEncoding = 4; lastKnownFileType = sourcecode.c.h; path = inkopslista.h; sourceTree = "<group>"; };
/* End PBXFileReference section */

/* Begin PBXFrameworksBuildPhase section */
		5901323B1BF38FCD0029F3E9 /* Frameworks */ = {
			isa = PBXFrameworksBuildPhase;
			buildActionMask = 2147483647;
			files = (
			);
			runOnlyForDeploymentPostprocessing = 0;
		};
/* End PBXFrameworksBuildPhase section */

/* Begin PBXGroup section */
		590132351BF38FCD0029F3E9 = {
			isa = PBXGroup;
			children = (
				590132401BF38FCD0029F3E9 /* Lab 7, Uppgift 1 */,
				5901323F1BF38FCD0029F3E9 /* Products */,
			);
			sourceTree = "<group>";
		};
		5901323F1BF38FCD0029F3E9 /* Products */ = {
			isa = PBXGroup;
			children = (
				5901323E1BF38FCD0029F3E9 /* Lab 7, Uppgift 1 */,
			);
			name = Products;
			sourceTree = "<group>";
		};
		590132401BF38FCD0029F3E9 /* Lab 7, Uppgift 1 */ = {
			isa = PBXGroup;
			children = (
				590132411BF38FCD0029F3E9 /* main.c */,
				590132491BF390430029F3E9 /* inkopslista.h */,
				590132481BF390430029F3E9 /* inkopslista.c */,
			);
			path = "Lab 7, Uppgift 1";
			sourceTree = "<group>";
		};
/* End PBXGroup section */

/* Begin PBXNativeTarget section */
		5901323D1BF38FCD0029F3E9 /* Lab 7, Uppgift 1 */ = {
			isa = PBXNativeTarget;
			buildConfigurationList = 590132451BF38FCD0029F3E9 /* Build configuration list for PBXNativeTarget "Lab 7, Uppgift 1" */;
			buildPhases = (
				5901323A1BF38FCD0029F3E9 /* Sources */,
				5901323B1BF38FCD0029F3E9 /* Frameworks */,
				5901323C1BF38FCD0029F3E9 /* CopyFiles */,
			);
			buildRules = (
			);
			dependencies = (
			);
			name = "Lab 7, Uppgift 1";
			productName = "Lab 7, Uppgift 1";
			productReference = 5901323E1BF38FCD0029F3E9 /* Lab 7, Uppgift 1 */;
			productType = "com.apple.product-type.tool";
		};
/* End PBXNativeTarget section */

/* Begin PBXProject section */
		590132361BF38FCD0029F3E9 /* Project object */ = {
			isa = PBXProject;
			attributes = {
				LastUpgradeCheck = 0710;
				ORGANIZATIONNAME = "Allan Kamuran";
				TargetAttributes = {
					5901323D1BF38FCD0029F3E9 = {
						CreatedOnToolsVersion = 7.1.1;
					};
				};
			};
			buildConfigurationList = 590132391BF38FCD0029F3E9 /* Build configuration list for PBXProject "Lab 7, Uppgift 1" */;
			compatibilityVersion = "Xcode 3.2";
			developmentRegion = English;
			hasScannedForEncodings = 0;
			knownRegions = (
				en,
			);
			mainGroup = 590132351BF38FCD0029F3E9;
			productRefGroup = 5901323F1BF38FCD0029F3E9 /* Products */;
			projectDirPath = "";
			projectRoot = "";
			targets = (
				5901323D1BF38FCD0029F3E9 /* Lab 7, Uppgift 1 */,
			);
		};
/* End PBXProject section */

/* Begin PBXSourcesBuildPhase section */
		5901323A1BF38FCD0029F3E9 /* Sources */ = {
			isa = PBXSourcesBuildPhase;
			buildActionMask = 2147483647;
			files = (
				590132421BF38FCD0029F3E9 /* main.c in Sources */,
				5901324A1BF390430029F3E9 /* inkopslista.c in Sources */,
			);
			runOnlyForDeploymentPostprocessing = 0;
		};
/* End PBXSourcesBuildPhase section */

/* Begin XCBuildConfiguration section */
		590132431BF38FCD0029F3E9 /* Debug */ = {
			isa = XCBuildConfiguration;
			buildSettings = {
				ALWAYS_SEARCH_USER_PATHS = NO;
				CLANG_CXX_LANGUAGE_STANDARD = "gnu++0x";
				CLANG_CXX_LIBRARY = "libc++";
				CLANG_ENABLE_MODULES = YES;
				CLANG_ENABLE_OBJC_ARC = YES;
				CLANG_WARN_BOOL_CONVERSION = YES;
				CLANG_WARN_CONSTANT_CONVERSION = YES;
				CLANG_WARN_DIRECT_OBJC_ISA_USAGE = YES_ERROR;
				CLANG_WARN_EMPTY_BODY = YES;
				CLANG_WARN_ENUM_CONVERSION = YES;
				CLANG_WARN_INT_CONVERSION = YES;
				CLANG_WARN_OBJC_ROOT_CLASS = YES_ERROR;
				CLANG_WARN_UNREACHABLE_CODE = YES;
				CLANG_WARN__DUPLICATE_METHOD_MATCH = YES;
				CODE_SIGN_IDENTITY = "-";
				COPY_PHASE_STRIP = NO;
				DEBUG_INFORMATION_FORMAT = dwarf;
				ENABLE_STRICT_OBJC_MSGSEND = YES;
				ENABLE_TESTABILITY = YES;
				GCC_C_LANGUAGE_STANDARD = gnu99;
				GCC_DYNAMIC_NO_PIC = NO;
				GCC_NO_COMMON_BLOCKS = YES;
				GCC_OPTIMIZATION_LEVEL = 0;
				GCC_PREPROCESSOR_DEFINITIONS = (
					"DEBUG=1",
					"$(inherited)",
				);
				GCC_WARN_64_TO_32_BIT_CONVERSION = YES;
				GCC_WARN_ABOUT_RETURN_TYPE = YES_ERROR;
				GCC_WARN_UNDECLARED_SELECTOR = YES;
				GCC_WARN_UNINITIALIZED_AUTOS = YES_AGGRESSIVE;
				GCC_WARN_UNUSED_FUNCTION = YES;
				GCC_WARN_UNUSED_VARIABLE = YES;
				MACOSX_DEPLOYMENT_TARGET = 10.11;
				MTL_ENABLE_DEBUG_INFO = YES;
				ONLY_ACTIVE_ARCH = YES;
				SDKROOT = macosx;
			};
			name = Debug;
		};
		590132441BF38FCD0029F3E9 /* Release */ = {
			isa = XCBuildConfiguration;
			buildSettings = {
				ALWAYS_SEARCH_USER_PATHS = NO;
				CLANG_CXX_LANGUAGE_STANDARD = "gnu++0x";
				CLANG_CXX_LIBRARY = "libc++";
				CLANG_ENABLE_MODULES = YES;
				CLANG_ENABLE_OBJC_ARC = YES;
				CLANG_WARN_BOOL_CONVERSION = YES;
				CLANG_WARN_CONSTANT_CONVERSION = YES;
				CLANG_WARN_DIRECT_OBJC_ISA_USAGE = YES_ERROR;
				CLANG_WARN_EMPTY_BODY = YES;
				CLANG_WARN_ENUM_CONVERSION = YES;
				CLANG_WARN_INT_CONVERSION = YES;
				CLANG_WARN_OBJC_ROOT_CLASS = YES_ERROR;
				CLANG_WARN_UNREACHABLE_CODE = YES;
				CLANG_WARN__DUPLICATE_METHOD_MATCH = YES;
				CODE_SIGN_IDENTITY = "-";
				COPY_PHASE_STRIP = NO;
				DEBUG_INFORMATION_FORMAT = "dwarf-with-dsym";
				ENABLE_NS_ASSERTIONS = NO;
				ENABLE_STRICT_OBJC_MSGSEND = YES;
				GCC_C_LANGUAGE_STANDARD = gnu99;
				GCC_NO_COMMON_BLOCKS = YES;
				GCC_WARN_64_TO_32_BIT_CONVERSION = YES;
				GCC_WARN_ABOUT_RETURN_TYPE = YES_ERROR;
				GCC_WARN_UNDECLARED_SELECTOR = YES;
				GCC_WARN_UNINITIALIZED_AUTOS = YES_AGGRESSIVE;
				GCC_WARN_UNUSED_FUNCTION = YES;
				GCC_WARN_UNUSED_VARIABLE = YES;
				MACOSX_DEPLOYMENT_TARGET = 10.11;
				MTL_ENABLE_DEBUG_INFO = NO;
				SDKROOT = macosx;
			};
			name = Release;
		};
		590132461BF38FCD0029F3E9 /* Debug */ = {
			isa = XCBuildConfiguration;
			buildSettings = {
				PRODUCT_NAME = "$(TARGET_NAME)";
			};
			name = Debug;
		};
		590132471BF38FCD0029F3E9 /* Release */ = {
			isa = XCBuildConfiguration;
			buildSettings = {
				PRODUCT_NAME = "$(TARGET_NAME)";
			};
			name = Release;
		};
/* End XCBuildConfiguration section */

/* Begin XCConfigurationList section */
		590132391BF38FCD0029F3E9 /* Build configuration list for PBXProject "Lab 7, Uppgift 1" */ = {
			isa = XCConfigurationList;
			buildConfigurations = (
				590132431BF38FCD0029F3E9 /* Debug */,
				590132441BF38FCD0029F3E9 /* Release */,
			);
			defaultConfigurationIsVisible = 0;
			defaultConfigurationName = Release;
		};
		590132451BF38FCD0029F3E9 /* Build configuration list for PBXNativeTarget "Lab 7, Uppgift 1" */ = {
			isa = XCConfigurationList;
			buildConfigurations = (
				590132461BF38FCD0029F3E9 /* Debug */,
				590132471BF38FCD0029F3E9 /* Release */,
			);
			defaultConfigurationIsVisible = 0;
			defaultConfigurationName = Release;
		};
/* End XCConfigurationList section */
	};
	rootObject = 590132361BF38FCD0029F3E9 /* Project object */;
}
